
Microsoft Visual Studio Solution File, Format Version 12.00
# Visual Studio Version 18
VisualStudioVersion = 18.1.11312.151
MinimumVisualStudioVersion = 10.0.40219.1
Project("{FAE04EC0-301F-11D3-BF4B-00C04F79EFBC}") = "PalletIQ.SharedKernel", "src\PalletIQ.SharedKernel\PalletIQ.SharedKernel.csproj", "{5F864247-EBDA-3410-6E8C-9C2992F9D2F0}"
EndProject
Global
	GlobalSection(SolutionConfigurationPlatforms) = preSolution
		Debug|Any CPU = Debug|Any CPU
		Release|Any CPU = Release|Any CPU
	EndGlobalSection
	GlobalSection(ProjectConfigurationPlatforms) = postSolution
		{5F864247-EBDA-3410-6E8C-9C2992F9D2F0}.Debug|Any CPU.ActiveCfg = Debug|Any CPU
		{5F864247-EBDA-3410-6E8C-9C2992F9D2F0}.Debug|Any CPU.Build.0 = Debug|Any CPU
		{5F864247-EBDA-3410-6E8C-9C2992F9D2F0}.Release|Any CPU.ActiveCfg = Release|Any CPU
		{5F864247-EBDA-3410-6E8C-9C2992F9D2F0}.Release|Any CPU.Build.0 = Release|Any CPU
	EndGlobalSection
	GlobalSection(SolutionProperties) = preSolution
		HideSolutionNode = FALSE
	EndGlobalSection
	GlobalSection(ExtensibilityGlobals) = postSolution
		SolutionGuid = {83F48CB4-F5B5-4865-AB66-E64A01052B1B}
	EndGlobalSection
EndGlobal
